
Microsoft Visual Studio Solution File, Format Version 12.00
# Visual Studio Version 16
VisualStudioVersion = 16.0.32802.440
MinimumVisualStudioVersion = 10.0.40219.1
Project("{FAE04EC0-301F-11D3-BF4B-00C04F79EFBC}") = "School-Term-Tracker.Android", "School-Term-Tracker.Android\School-Term-Tracker.Android.csproj", "{F60D6B13-4DB1-4C5C-9048-9CC5741ACCB7}"
EndProject
Project("{FAE04EC0-301F-11D3-BF4B-00C04F79EFBC}") = "School-Term-Tracker.iOS", "School-Term-Tracker.iOS\School-Term-Tracker.iOS.csproj", "{4B2ACB62-B966-4D02-B318-0FCFD440F79B}"
EndProject
Project("{9A19103F-16F7-4668-BE54-9A1E7A4F7556}") = "School-Term-Tracker", "School-Term-Tracker\School-Term-Tracker.csproj", "{4FF735C3-0AC5-4B8A-8379-F49A698EE603}"
EndProject
Global
	GlobalSection(SolutionConfigurationPlatforms) = preSolution
		Debug|Any CPU = Debug|Any CPU
		Debug|iPhone = Debug|iPhone
		Debug|iPhoneSimulator = Debug|iPhoneSimulator
		Release|Any CPU = Release|Any CPU
		Release|iPhone = Release|iPhone
		Release|iPhoneSimulator = Release|iPhoneSimulator
	EndGlobalSection
	GlobalSection(ProjectConfigurationPlatforms) = postSolution
		{F60D6B13-4DB1-4C5C-9048-9CC5741ACCB7}.Debug|Any CPU.ActiveCfg = Debug|Any CPU
		{F60D6B13-4DB1-4C5C-9048-9CC5741ACCB7}.Debug|Any CPU.Build.0 = Debug|Any CPU
		{F60D6B13-4DB1-4C5C-9048-9CC5741ACCB7}.Debug|Any CPU.Deploy.0 = Debug|Any CPU
		{F60D6B13-4DB1-4C5C-9048-9CC5741ACCB7}.Debug|iPhone.ActiveCfg = Debug|Any CPU
		{F60D6B13-4DB1-4C5C-9048-9CC5741ACCB7}.Debug|iPhone.Build.0 = Debug|Any CPU
		{F60D6B13-4DB1-4C5C-9048-9CC5741ACCB7}.Debug|iPhone.Deploy.0 = Debug|Any CPU
		{F60D6B13-4DB1-4C5C-9048-9CC5741ACCB7}.Debug|iPhoneSimulator.ActiveCfg = Debug|Any CPU
		{F60D6B13-4DB1-4C5C-9048-9CC5741ACCB7}.Debug|iPhoneSimulator.Build.0 = Debug|Any CPU
		{F60D6B13-4DB1-4C5C-9048-9CC5741ACCB7}.Debug|iPhoneSimulator.Deploy.0 = Debug|Any CPU
		{F60D6B13-4DB1-4C5C-9048-9CC5741ACCB7}.Release|Any CPU.ActiveCfg = Release|Any CPU
		{F60D6B13-4DB1-4C5C-9048-9CC5741ACCB7}.Release|Any CPU.Build.0 = Release|Any CPU
		{F60D6B13-4DB1-4C5C-9048-9CC5741ACCB7}.Release|Any CPU.Deploy.0 = Release|Any CPU
		{F60D6B13-4DB1-4C5C-9048-9CC5741ACCB7}.Release|iPhone.ActiveCfg = Release|Any CPU
		{F60D6B13-4DB1-4C5C-9048-9CC5741ACCB7}.Release|iPhone.Build.0 = Release|Any CPU
		{F60D6B13-4DB1-4C5C-9048-9CC5741ACCB7}.Release|iPhone.Deploy.0 = Release|Any CPU
		{F60D6B13-4DB1-4C5C-9048-9CC5741ACCB7}.Release|iPhoneSimulator.ActiveCfg = Release|Any CPU
		{F60D6B13-4DB1-4C5C-9048-9CC5741ACCB7}.Release|iPhoneSimulator.Build.0 = Release|Any CPU
		{F60D6B13-4DB1-4C5C-9048-9CC5741ACCB7}.Release|iPhoneSimulator.Deploy.0 = Release|Any CPU
		{4B2ACB62-B966-4D02-B318-0FCFD440F79B}.Debug|Any CPU.ActiveCfg = Debug|iPhone
		{4B2ACB62-B966-4D02-B318-0FCFD440F79B}.Debug|Any CPU.Build.0 = Debug|iPhone
		{4B2ACB62-B966-4D02-B318-0FCFD440F79B}.Debug|Any CPU.Deploy.0 = Debug|iPhone
		{4B2ACB62-B966-4D02-B318-0FCFD440F79B}.Debug|iPhone.ActiveCfg = Debug|iPhone
		{4B2ACB62-B966-4D02-B318-0FCFD440F79B}.Debug|iPhone.Build.0 = Debug|iPhone
		{4B2ACB62-B966-4D02-B318-0FCFD440F79B}.Debug|iPhone.Deploy.0 = Debug|iPhone
		{4B2ACB62-B966-4D02-B318-0FCFD440F79B}.Debug|iPhoneSimulator.ActiveCfg = Debug|iPhoneSimulator
		{4B2ACB62-B966-4D02-B318-0FCFD440F79B}.Debug|iPhoneSimulator.Build.0 = Debug|iPhoneSimulator
		{4B2ACB62-B966-4D02-B318-0FCFD440F79B}.Debug|iPhoneSimulator.Deploy.0 = Debug|iPhoneSimulator
		{4B2ACB62-B966-4D02-B318-0FCFD440F79B}.Release|Any CPU.ActiveCfg = Release|iPhoneSimulator
		{4B2ACB62-B966-4D02-B318-0FCFD440F79B}.Release|Any CPU.Build.0 = Release|iPhoneSimulator
		{4B2ACB62-B966-4D02-B318-0FCFD440F79B}.Release|Any CPU.Deploy.0 = Release|iPhoneSimulator
		{4B2ACB62-B966-4D02-B318-0FCFD440F79B}.Release|iPhone.ActiveCfg = Release|iPhone
		{4B2ACB62-B966-4D02-B318-0FCFD440F79B}.Release|iPhone.Build.0 = Release|iPhone
		{4B2ACB62-B966-4D02-B318-0FCFD440F79B}.Release|iPhone.Deploy.0 = Release|iPhone
		{4B2ACB62-B966-4D02-B318-0FCFD440F79B}.Release|iPhoneSimulator.ActiveCfg = Release|iPhoneSimulator
		{4B2ACB62-B966-4D02-B318-0FCFD440F79B}.Release|iPhoneSimulator.Build.0 = Release|iPhoneSimulator
		{4B2ACB62-B966-4D02-B318-0FCFD440F79B}.Release|iPhoneSimulator.Deploy.0 = Release|iPhoneSimulator
		{4FF735C3-0AC5-4B8A-8379-F49A698EE603}.Debug|Any CPU.ActiveCfg = Debug|Any CPU
		{4FF735C3-0AC5-4B8A-8379-F49A698EE603}.Debug|Any CPU.Build.0 = Debug|Any CPU
		{4FF735C3-0AC5-4B8A-8379-F49A698EE603}.Debug|Any CPU.Deploy.0 = Debug|Any CPU
		{4FF735C3-0AC5-4B8A-8379-F49A698EE603}.Debug|iPhone.ActiveCfg = Debug|Any CPU
		{4FF735C3-0AC5-4B8A-8379-F49A698EE603}.Debug|iPhone.Build.0 = Debug|Any CPU
		{4FF735C3-0AC5-4B8A-8379-F49A698EE603}.Debug|iPhone.Deploy.0 = Debug|Any CPU
		{4FF735C3-0AC5-4B8A-8379-F49A698EE603}.Debug|iPhoneSimulator.ActiveCfg = Debug|Any CPU
		{4FF735C3-0AC5-4B8A-8379-F49A698EE603}.Debug|iPhoneSimulator.Build.0 = Debug|Any CPU
		{4FF735C3-0AC5-4B8A-8379-F49A698EE603}.Debug|iPhoneSimulator.Deploy.0 = Debug|Any CPU
		{4FF735C3-0AC5-4B8A-8379-F49A698EE603}.Release|Any CPU.ActiveCfg = Release|Any CPU
		{4FF735C3-0AC5-4B8A-8379-F49A698EE603}.Release|Any CPU.Build.0 = Release|Any CPU
		{4FF735C3-0AC5-4B8A-8379-F49A698EE603}.Release|Any CPU.Deploy.0 = Release|Any CPU
		{4FF735C3-0AC5-4B8A-8379-F49A698EE603}.Release|iPhone.ActiveCfg = Release|Any CPU
		{4FF735C3-0AC5-4B8A-8379-F49A698EE603}.Release|iPhone.Build.0 = Release|Any CPU
		{4FF735C3-0AC5-4B8A-8379-F49A698EE603}.Release|iPhone.Deploy.0 = Release|Any CPU
		{4FF735C3-0AC5-4B8A-8379-F49A698EE603}.Release|iPhoneSimulator.ActiveCfg = Release|Any CPU
		{4FF735C3-0AC5-4B8A-8379-F49A698EE603}.Release|iPhoneSimulator.Build.0 = Release|Any CPU
		{4FF735C3-0AC5-4B8A-8379-F49A698EE603}.Release|iPhoneSimulator.Deploy.0 = Release|Any CPU
	EndGlobalSection
	GlobalSection(SolutionProperties) = preSolution
		HideSolutionNode = FALSE
	EndGlobalSection
	GlobalSection(ExtensibilityGlobals) = postSolution
		SolutionGuid = {B5471348-CF4A-43DF-A2C7-69290DCAD468}
	EndGlobalSection
EndGlobal
